
Microsoft Visual Studio Solution File, Format Version 12.00
Project("{FAE04EC0-301F-11D3-BF4B-00C04F79EFBC}") = "RemovePalindromicSequence", "RemovePalindromicSequence\RemovePalindromicSequence.csproj", "{813E06F7-2D1E-442A-BA79-9229A0653371}"
EndProject
Global
	GlobalSection(SolutionConfigurationPlatforms) = preSolution
		Debug|Any CPU = Debug|Any CPU
		Release|Any CPU = Release|Any CPU
	EndGlobalSection
	GlobalSection(ProjectConfigurationPlatforms) = postSolution
		{813E06F7-2D1E-442A-BA79-9229A0653371}.Debug|Any CPU.ActiveCfg = Debug|Any CPU
		{813E06F7-2D1E-442A-BA79-9229A0653371}.Debug|Any CPU.Build.0 = Debug|Any CPU
		{813E06F7-2D1E-442A-BA79-9229A0653371}.Release|Any CPU.ActiveCfg = Release|Any CPU
		{813E06F7-2D1E-442A-BA79-9229A0653371}.Release|Any CPU.Build.0 = Release|Any CPU
	EndGlobalSection
EndGlobal
